
Microsoft Visual Studio Solution File, Format Version 12.00
Project("{FAE04EC0-301F-11D3-BF4B-00C04F79EFBC}") = "TaskScheduler", "TaskScheduler\TaskScheduler.csproj", "{F6368649-601C-472B-BFFC-33801E71CB6C}"
EndProject
Project("{FAE04EC0-301F-11D3-BF4B-00C04F79EFBC}") = "TaskScheduler.Tests", "TaskScheduler.Tests\TaskScheduler.Tests.csproj", "{A15A848D-6063-4CE4-B4BD-CAA63022BA17}"
EndProject
Project("{FAE04EC0-301F-11D3-BF4B-00C04F79EFBC}") = "TaskSchedulerAPI", "TaskSchedulerAPI\TaskSchedulerAPI.csproj", "{71799478-9767-4AC9-A4C8-F9691C42DE84}"
EndProject
Project("{FAE04EC0-301F-11D3-BF4B-00C04F79EFBC}") = "TaskSchedulerLambdaAPI", "TaskSchedulerLambdaAPI\src\TaskSchedulerLambdaAPI\TaskSchedulerLambdaAPI.csproj", "{9344D7D1-218D-4106-8F38-E84AD4E26CB4}"
EndProject
Global
	GlobalSection(SolutionConfigurationPlatforms) = preSolution
		Debug|Any CPU = Debug|Any CPU
		Release|Any CPU = Release|Any CPU
	EndGlobalSection
	GlobalSection(ProjectConfigurationPlatforms) = postSolution
		{F6368649-601C-472B-BFFC-33801E71CB6C}.Debug|Any CPU.ActiveCfg = Debug|Any CPU
		{F6368649-601C-472B-BFFC-33801E71CB6C}.Debug|Any CPU.Build.0 = Debug|Any CPU
		{F6368649-601C-472B-BFFC-33801E71CB6C}.Release|Any CPU.ActiveCfg = Release|Any CPU
		{F6368649-601C-472B-BFFC-33801E71CB6C}.Release|Any CPU.Build.0 = Release|Any CPU
		{A15A848D-6063-4CE4-B4BD-CAA63022BA17}.Debug|Any CPU.ActiveCfg = Debug|Any CPU
		{A15A848D-6063-4CE4-B4BD-CAA63022BA17}.Debug|Any CPU.Build.0 = Debug|Any CPU
		{A15A848D-6063-4CE4-B4BD-CAA63022BA17}.Release|Any CPU.ActiveCfg = Release|Any CPU
		{A15A848D-6063-4CE4-B4BD-CAA63022BA17}.Release|Any CPU.Build.0 = Release|Any CPU
		{71799478-9767-4AC9-A4C8-F9691C42DE84}.Debug|Any CPU.ActiveCfg = Debug|Any CPU
		{71799478-9767-4AC9-A4C8-F9691C42DE84}.Debug|Any CPU.Build.0 = Debug|Any CPU
		{71799478-9767-4AC9-A4C8-F9691C42DE84}.Release|Any CPU.ActiveCfg = Release|Any CPU
		{71799478-9767-4AC9-A4C8-F9691C42DE84}.Release|Any CPU.Build.0 = Release|Any CPU
		{9344D7D1-218D-4106-8F38-E84AD4E26CB4}.Debug|Any CPU.ActiveCfg = Debug|Any CPU
		{9344D7D1-218D-4106-8F38-E84AD4E26CB4}.Debug|Any CPU.Build.0 = Debug|Any CPU
		{9344D7D1-218D-4106-8F38-E84AD4E26CB4}.Release|Any CPU.ActiveCfg = Release|Any CPU
		{9344D7D1-218D-4106-8F38-E84AD4E26CB4}.Release|Any CPU.Build.0 = Release|Any CPU
	EndGlobalSection
EndGlobal
